
Microsoft Visual Studio Solution File, Format Version 12.00
# Visual Studio Version 16
VisualStudioVersion = 16.0.32228.343
MinimumVisualStudioVersion = 10.0.40219.1
Project("{9A19103F-16F7-4668-BE54-9A1E7A4F7556}") = "ScheduleManagement", "ScheduleManagement\ScheduleManagement.csproj", "{3926C5B5-E0BE-40C8-AA33-9CB2E73F56C8}"
EndProject
Project("{FAE04EC0-301F-11D3-BF4B-00C04F79EFBC}") = "BusinessLayer", "BusinessLayer\BusinessLayer.csproj", "{CBCC617C-B534-4D17-9D7C-58FE4F1DAFB7}"
EndProject
Project("{FAE04EC0-301F-11D3-BF4B-00C04F79EFBC}") = "DataLayer", "DataLayer\DataLayer.csproj", "{F7CC177B-7A29-4384-9612-1854AE0E7926}"
EndProject
Global
	GlobalSection(SolutionConfigurationPlatforms) = preSolution
		Debug|Any CPU = Debug|Any CPU
		Release|Any CPU = Release|Any CPU
	EndGlobalSection
	GlobalSection(ProjectConfigurationPlatforms) = postSolution
		{3926C5B5-E0BE-40C8-AA33-9CB2E73F56C8}.Debug|Any CPU.ActiveCfg = Debug|Any CPU
		{3926C5B5-E0BE-40C8-AA33-9CB2E73F56C8}.Debug|Any CPU.Build.0 = Debug|Any CPU
		{3926C5B5-E0BE-40C8-AA33-9CB2E73F56C8}.Release|Any CPU.ActiveCfg = Release|Any CPU
		{3926C5B5-E0BE-40C8-AA33-9CB2E73F56C8}.Release|Any CPU.Build.0 = Release|Any CPU
		{CBCC617C-B534-4D17-9D7C-58FE4F1DAFB7}.Debug|Any CPU.ActiveCfg = Debug|Any CPU
		{CBCC617C-B534-4D17-9D7C-58FE4F1DAFB7}.Debug|Any CPU.Build.0 = Debug|Any CPU
		{CBCC617C-B534-4D17-9D7C-58FE4F1DAFB7}.Release|Any CPU.ActiveCfg = Release|Any CPU
		{CBCC617C-B534-4D17-9D7C-58FE4F1DAFB7}.Release|Any CPU.Build.0 = Release|Any CPU
		{F7CC177B-7A29-4384-9612-1854AE0E7926}.Debug|Any CPU.ActiveCfg = Debug|Any CPU
		{F7CC177B-7A29-4384-9612-1854AE0E7926}.Debug|Any CPU.Build.0 = Debug|Any CPU
		{F7CC177B-7A29-4384-9612-1854AE0E7926}.Release|Any CPU.ActiveCfg = Release|Any CPU
		{F7CC177B-7A29-4384-9612-1854AE0E7926}.Release|Any CPU.Build.0 = Release|Any CPU
	EndGlobalSection
	GlobalSection(SolutionProperties) = preSolution
		HideSolutionNode = FALSE
	EndGlobalSection
	GlobalSection(ExtensibilityGlobals) = postSolution
		SolutionGuid = {A816F65B-1A09-42FF-B25F-A7759792D932}
	EndGlobalSection
EndGlobal
